
Microsoft Visual Studio Solution File, Format Version 12.00
# Visual Studio Version 17
VisualStudioVersion = 17.6.33829.357
MinimumVisualStudioVersion = 10.0.40219.1
Project("{9A19103F-16F7-4668-BE54-9A1E7A4F7556}") = "NoteApplicationByCodingThinker", "NoteApplicationByCodingThinker\NoteApplicationByCodingThinker.csproj", "{8FAE044F-7BE5-4578-A8C8-FC83DAA3AF48}"
EndProject
Project("{FAE04EC0-301F-11D3-BF4B-00C04F79EFBC}") = "DotNoteWithUsers", "DotNoteWithUsers\DotNoteWithUsers.csproj", "{80F9CDD7-E21C-4291-A027-6A0143D6BB39}"
EndProject
Global
	GlobalSection(SolutionConfigurationPlatforms) = preSolution
		Debug|Any CPU = Debug|Any CPU
		Release|Any CPU = Release|Any CPU
	EndGlobalSection
	GlobalSection(ProjectConfigurationPlatforms) = postSolution
		{8FAE044F-7BE5-4578-A8C8-FC83DAA3AF48}.Debug|Any CPU.ActiveCfg = Debug|Any CPU
		{8FAE044F-7BE5-4578-A8C8-FC83DAA3AF48}.Debug|Any CPU.Build.0 = Debug|Any CPU
		{8FAE044F-7BE5-4578-A8C8-FC83DAA3AF48}.Release|Any CPU.ActiveCfg = Release|Any CPU
		{8FAE044F-7BE5-4578-A8C8-FC83DAA3AF48}.Release|Any CPU.Build.0 = Release|Any CPU
		{80F9CDD7-E21C-4291-A027-6A0143D6BB39}.Debug|Any CPU.ActiveCfg = Debug|Any CPU
		{80F9CDD7-E21C-4291-A027-6A0143D6BB39}.Debug|Any CPU.Build.0 = Debug|Any CPU
		{80F9CDD7-E21C-4291-A027-6A0143D6BB39}.Release|Any CPU.ActiveCfg = Release|Any CPU
		{80F9CDD7-E21C-4291-A027-6A0143D6BB39}.Release|Any CPU.Build.0 = Release|Any CPU
	EndGlobalSection
	GlobalSection(SolutionProperties) = preSolution
		HideSolutionNode = FALSE
	EndGlobalSection
	GlobalSection(ExtensibilityGlobals) = postSolution
		SolutionGuid = {62D2F7F6-261A-431A-A4B3-5E9B6190F56C}
	EndGlobalSection
EndGlobal
